<?xml version="1.0" encoding="utf-8"?>
<Project ToolsVersion="4.0" xmlns="http://schemas.microsoft.com/developer/msbuild/2003">
  <ItemGroup>
    <Filter Include="Resug">
      <UniqueIdentifier>{6B34040E-D748-2CBF-A0CA-CF1E0C9E28F0}</UniqueIdentifier>
    </Filter>
    <Filter Include="Resug\Event">
      <UniqueIdentifier>{FC19B8F4-68CF-30EA-F1C3-2AC15D7827EE}</UniqueIdentifier>
    </Filter>
  </ItemGroup>
  <ItemGroup>
    <ClInclude Include="src\Resug.h" />
    <ClInclude Include="src\Resug\Application.h">
      <Filter>Resug</Filter>
    </ClInclude>
    <ClInclude Include="src\Resug\Core.h">
      <Filter>Resug</Filter>
    </ClInclude>
    <ClInclude Include="src\Resug\EntryPoint.h">
      <Filter>Resug</Filter>
    </ClInclude>
    <ClInclude Include="src\Resug\Event\ApplicationEvent.h">
      <Filter>Resug\Event</Filter>
    </ClInclude>
    <ClInclude Include="src\Resug\Event\Event.h">
      <Filter>Resug\Event</Filter>
    </ClInclude>
    <ClInclude Include="src\Resug\Event\KeyEvent.h">
      <Filter>Resug\Event</Filter>
    </ClInclude>
    <ClInclude Include="src\Resug\Event\MouseEvent.h">
      <Filter>Resug\Event</Filter>
    </ClInclude>
    <ClInclude Include="src\Resug\Log.h">
      <Filter>Resug</Filter>
    </ClInclude>
    <ClInclude Include="src\rgpch.h" />
    <ClInclude Include="src\Resug\Window.h" />
    <ClInclude Include="src\Platform\Windows\WindowsWindow.h" />
  </ItemGroup>
  <ItemGroup>
    <ClCompile Include="src\Resug\Application.cpp">
      <Filter>Resug</Filter>
    </ClCompile>
    <ClCompile Include="src\Resug\Log.cpp">
      <Filter>Resug</Filter>
    </ClCompile>
    <ClCompile Include="src\rgpch.cpp" />
    <ClCompile Include="src\Platform\Windows\WindowsWindow.cpp" />
  </ItemGroup>
</Project>